
Microsoft Visual Studio Solution File, Format Version 12.00
# Visual Studio Version 17
VisualStudioVersion = 17.13.35913.81 d17.13
MinimumVisualStudioVersion = 10.0.40219.1
Project("{FAE04EC0-301F-11D3-BF4B-00C04F79EFBC}") = "AmazonPicturePackager", "AmazonPicturePackager\AmazonPicturePackager.csproj", "{ABE6981E-66B9-4EF2-BD12-252F4D477353}"
EndProject
Global
	GlobalSection(SolutionConfigurationPlatforms) = preSolution
		Debug|Any CPU = Debug|Any CPU
		Release|Any CPU = Release|Any CPU
	EndGlobalSection
	GlobalSection(ProjectConfigurationPlatforms) = postSolution
		{ABE6981E-66B9-4EF2-BD12-252F4D477353}.Debug|Any CPU.ActiveCfg = Debug|Any CPU
		{ABE6981E-66B9-4EF2-BD12-252F4D477353}.Debug|Any CPU.Build.0 = Debug|Any CPU
		{ABE6981E-66B9-4EF2-BD12-252F4D477353}.Release|Any CPU.ActiveCfg = Release|Any CPU
		{ABE6981E-66B9-4EF2-BD12-252F4D477353}.Release|Any CPU.Build.0 = Release|Any CPU
	EndGlobalSection
	GlobalSection(SolutionProperties) = preSolution
		HideSolutionNode = FALSE
	EndGlobalSection
	GlobalSection(ExtensibilityGlobals) = postSolution
		SolutionGuid = {D659347D-0CCC-4139-987D-DB8D35E2D668}
	EndGlobalSection
EndGlobal
